
Microsoft Visual Studio Solution File, Format Version 12.00
Project("{2150E333-8FDC-42A3-9474-1A3956D46DE8}") = "Application", "Application", "{4B08CE20-D3A9-42A1-BF69-3F413E24CF21}"
EndProject
Project("{2150E333-8FDC-42A3-9474-1A3956D46DE8}") = "Domain", "Domain", "{C71F0E08-0273-436E-9DF6-E3B445859615}"
EndProject
Project("{2150E333-8FDC-42A3-9474-1A3956D46DE8}") = "Infrastructure", "Infrastructure", "{EB3211A9-CD41-47D6-A480-3C76B18B69A3}"
EndProject
Project("{FAE04EC0-301F-11D3-BF4B-00C04F79EFBC}") = "Template.WebApplication", "Template.WebApplication\Template.WebApplication.csproj", "{E49D090F-798B-4C41-9162-EBC03026E1E4}"
EndProject
Project("{FAE04EC0-301F-11D3-BF4B-00C04F79EFBC}") = "Template.Domain", "Template.Domain\Template.Domain.csproj", "{5BC2769D-2AE1-4A81-8862-F18511618394}"
EndProject
Project("{FAE04EC0-301F-11D3-BF4B-00C04F79EFBC}") = "Template.Infrastructure", "Template.Infrastructure\Template.Infrastructure.csproj", "{CE93E84E-A8C1-4099-98AD-D9A9C4E67F01}"
EndProject
Project("{FAE04EC0-301F-11D3-BF4B-00C04F79EFBC}") = "Template.Domain.DI", "Template.Domain.DI\Template.Domain.DI.csproj", "{1EE4D52F-A403-4CEF-BEA7-9E90127C9B16}"
EndProject
Project("{FAE04EC0-301F-11D3-BF4B-00C04F79EFBC}") = "Template.Infrastructure.DI", "Template.Infrastructure.DI\Template.Infrastructure.DI.csproj", "{792A62D0-DB6E-463A-A3B8-FCA130CDED18}"
EndProject
Project("{2150E333-8FDC-42A3-9474-1A3956D46DE8}") = "Tests", "Tests", "{0A49419C-8B6B-41DC-8212-2954BC3E2FA7}"
EndProject
Project("{2150E333-8FDC-42A3-9474-1A3956D46DE8}") = "Application", "Application", "{5C80283E-B294-4167-AA58-B8A0AFE24F86}"
EndProject
Project("{2150E333-8FDC-42A3-9474-1A3956D46DE8}") = "Domain", "Domain", "{695A75DF-D603-4983-8516-60FD4174A23B}"
EndProject
Project("{2150E333-8FDC-42A3-9474-1A3956D46DE8}") = "Infrastructure", "Infrastructure", "{259AB945-6328-4B57-A741-B46ABF78DB3C}"
EndProject
Project("{FAE04EC0-301F-11D3-BF4B-00C04F79EFBC}") = "Template.WebApplication.Tests", "Template.WebApplication.Tests\Template.WebApplication.Tests.csproj", "{DA5A3A7A-2E04-4DF5-848C-841F657E58A3}"
EndProject
Project("{FAE04EC0-301F-11D3-BF4B-00C04F79EFBC}") = "Template.Domain.Tests", "Template.Domain.Tests\Template.Domain.Tests.csproj", "{5DA2EC48-6871-4499-9A57-A08587B64875}"
EndProject
Project("{FAE04EC0-301F-11D3-BF4B-00C04F79EFBC}") = "Template.Infrastructure.Tests", "Template.Infrastructure.Tests\Template.Infrastructure.Tests.csproj", "{86B760F1-B90C-468B-8B4A-78963CB73BD4}"
EndProject
Project("{FAE04EC0-301F-11D3-BF4B-00C04F79EFBC}") = "Functional", "Functional\Functional.csproj", "{C10FD5C1-5A8B-4B76-9672-B229EF4D736B}"
EndProject
Global
	GlobalSection(SolutionConfigurationPlatforms) = preSolution
		Debug|Any CPU = Debug|Any CPU
		Release|Any CPU = Release|Any CPU
	EndGlobalSection
	GlobalSection(ProjectConfigurationPlatforms) = postSolution
		{E49D090F-798B-4C41-9162-EBC03026E1E4}.Debug|Any CPU.ActiveCfg = Debug|Any CPU
		{E49D090F-798B-4C41-9162-EBC03026E1E4}.Debug|Any CPU.Build.0 = Debug|Any CPU
		{E49D090F-798B-4C41-9162-EBC03026E1E4}.Release|Any CPU.ActiveCfg = Release|Any CPU
		{E49D090F-798B-4C41-9162-EBC03026E1E4}.Release|Any CPU.Build.0 = Release|Any CPU
		{5BC2769D-2AE1-4A81-8862-F18511618394}.Debug|Any CPU.ActiveCfg = Debug|Any CPU
		{5BC2769D-2AE1-4A81-8862-F18511618394}.Debug|Any CPU.Build.0 = Debug|Any CPU
		{5BC2769D-2AE1-4A81-8862-F18511618394}.Release|Any CPU.ActiveCfg = Release|Any CPU
		{5BC2769D-2AE1-4A81-8862-F18511618394}.Release|Any CPU.Build.0 = Release|Any CPU
		{CE93E84E-A8C1-4099-98AD-D9A9C4E67F01}.Debug|Any CPU.ActiveCfg = Debug|Any CPU
		{CE93E84E-A8C1-4099-98AD-D9A9C4E67F01}.Debug|Any CPU.Build.0 = Debug|Any CPU
		{CE93E84E-A8C1-4099-98AD-D9A9C4E67F01}.Release|Any CPU.ActiveCfg = Release|Any CPU
		{CE93E84E-A8C1-4099-98AD-D9A9C4E67F01}.Release|Any CPU.Build.0 = Release|Any CPU
		{1EE4D52F-A403-4CEF-BEA7-9E90127C9B16}.Debug|Any CPU.ActiveCfg = Debug|Any CPU
		{1EE4D52F-A403-4CEF-BEA7-9E90127C9B16}.Debug|Any CPU.Build.0 = Debug|Any CPU
		{1EE4D52F-A403-4CEF-BEA7-9E90127C9B16}.Release|Any CPU.ActiveCfg = Release|Any CPU
		{1EE4D52F-A403-4CEF-BEA7-9E90127C9B16}.Release|Any CPU.Build.0 = Release|Any CPU
		{792A62D0-DB6E-463A-A3B8-FCA130CDED18}.Debug|Any CPU.ActiveCfg = Debug|Any CPU
		{792A62D0-DB6E-463A-A3B8-FCA130CDED18}.Debug|Any CPU.Build.0 = Debug|Any CPU
		{792A62D0-DB6E-463A-A3B8-FCA130CDED18}.Release|Any CPU.ActiveCfg = Release|Any CPU
		{792A62D0-DB6E-463A-A3B8-FCA130CDED18}.Release|Any CPU.Build.0 = Release|Any CPU
		{DA5A3A7A-2E04-4DF5-848C-841F657E58A3}.Debug|Any CPU.ActiveCfg = Debug|Any CPU
		{DA5A3A7A-2E04-4DF5-848C-841F657E58A3}.Debug|Any CPU.Build.0 = Debug|Any CPU
		{DA5A3A7A-2E04-4DF5-848C-841F657E58A3}.Release|Any CPU.ActiveCfg = Release|Any CPU
		{DA5A3A7A-2E04-4DF5-848C-841F657E58A3}.Release|Any CPU.Build.0 = Release|Any CPU
		{5DA2EC48-6871-4499-9A57-A08587B64875}.Debug|Any CPU.ActiveCfg = Debug|Any CPU
		{5DA2EC48-6871-4499-9A57-A08587B64875}.Debug|Any CPU.Build.0 = Debug|Any CPU
		{5DA2EC48-6871-4499-9A57-A08587B64875}.Release|Any CPU.ActiveCfg = Release|Any CPU
		{5DA2EC48-6871-4499-9A57-A08587B64875}.Release|Any CPU.Build.0 = Release|Any CPU
		{86B760F1-B90C-468B-8B4A-78963CB73BD4}.Debug|Any CPU.ActiveCfg = Debug|Any CPU
		{86B760F1-B90C-468B-8B4A-78963CB73BD4}.Debug|Any CPU.Build.0 = Debug|Any CPU
		{86B760F1-B90C-468B-8B4A-78963CB73BD4}.Release|Any CPU.ActiveCfg = Release|Any CPU
		{86B760F1-B90C-468B-8B4A-78963CB73BD4}.Release|Any CPU.Build.0 = Release|Any CPU
		{C10FD5C1-5A8B-4B76-9672-B229EF4D736B}.Debug|Any CPU.ActiveCfg = Debug|Any CPU
		{C10FD5C1-5A8B-4B76-9672-B229EF4D736B}.Debug|Any CPU.Build.0 = Debug|Any CPU
		{C10FD5C1-5A8B-4B76-9672-B229EF4D736B}.Release|Any CPU.ActiveCfg = Release|Any CPU
		{C10FD5C1-5A8B-4B76-9672-B229EF4D736B}.Release|Any CPU.Build.0 = Release|Any CPU
	EndGlobalSection
	GlobalSection(NestedProjects) = preSolution
		{E49D090F-798B-4C41-9162-EBC03026E1E4} = {4B08CE20-D3A9-42A1-BF69-3F413E24CF21}
		{5BC2769D-2AE1-4A81-8862-F18511618394} = {C71F0E08-0273-436E-9DF6-E3B445859615}
		{CE93E84E-A8C1-4099-98AD-D9A9C4E67F01} = {EB3211A9-CD41-47D6-A480-3C76B18B69A3}
		{1EE4D52F-A403-4CEF-BEA7-9E90127C9B16} = {C71F0E08-0273-436E-9DF6-E3B445859615}
		{792A62D0-DB6E-463A-A3B8-FCA130CDED18} = {EB3211A9-CD41-47D6-A480-3C76B18B69A3}
		{5C80283E-B294-4167-AA58-B8A0AFE24F86} = {0A49419C-8B6B-41DC-8212-2954BC3E2FA7}
		{695A75DF-D603-4983-8516-60FD4174A23B} = {0A49419C-8B6B-41DC-8212-2954BC3E2FA7}
		{259AB945-6328-4B57-A741-B46ABF78DB3C} = {0A49419C-8B6B-41DC-8212-2954BC3E2FA7}
		{DA5A3A7A-2E04-4DF5-848C-841F657E58A3} = {5C80283E-B294-4167-AA58-B8A0AFE24F86}
		{5DA2EC48-6871-4499-9A57-A08587B64875} = {695A75DF-D603-4983-8516-60FD4174A23B}
		{86B760F1-B90C-468B-8B4A-78963CB73BD4} = {259AB945-6328-4B57-A741-B46ABF78DB3C}
	EndGlobalSection
EndGlobal
